// !$*UTF8*$!
{
	archiveVersion = 1;
	classes = {
	};
	objectVersion = 56;
	objects = {

/* Begin PBXBuildFile section */
		6D2DBF8F28F1C08A00BF4A2E /* AppDelegate.swift in Sources */ = {isa = PBXBuildFile; fileRef = 6D2DBF8E28F1C08A00BF4A2E /* AppDelegate.swift */; };
		6D2DBF9128F1C08A00BF4A2E /* SceneDelegate.swift in Sources */ = {isa = PBXBuildFile; fileRef = 6D2DBF9028F1C08A00BF4A2E /* SceneDelegate.swift */; };
		6D2DBF9328F1C08A00BF4A2E /* ViewController.swift in Sources */ = {isa = PBXBuildFile; fileRef = 6D2DBF9228F1C08A00BF4A2E /* ViewController.swift */; };
		6D2DBF9628F1C08A00BF4A2E /* Main.storyboard in Resources */ = {isa = PBXBuildFile; fileRef = 6D2DBF9428F1C08A00BF4A2E /* Main.storyboard */; };
		6D2DBF9828F1C08E00BF4A2E /* Assets.xcassets in Resources */ = {isa = PBXBuildFile; fileRef = 6D2DBF9728F1C08E00BF4A2E /* Assets.xcassets */; };
		6D2DBF9B28F1C08E00BF4A2E /* LaunchScreen.storyboard in Resources */ = {isa = PBXBuildFile; fileRef = 6D2DBF9928F1C08E00BF4A2E /* LaunchScreen.storyboard */; };
		6D2DBFA528F1D60C00BF4A2E /* InfoViewController.swift in Sources */ = {isa = PBXBuildFile; fileRef = 6D2DBFA428F1D60C00BF4A2E /* InfoViewController.swift */; };
/* End PBXBuildFile section */

/* Begin PBXFileReference section */
		6D2DBF8B28F1C08A00BF4A2E /* lesson4312.app */ = {isa = PBXFileReference; explicitFileType = wrapper.application; includeInIndex = 0; path = lesson4312.app; sourceTree = BUILT_PRODUCTS_DIR; };
		6D2DBF8E28F1C08A00BF4A2E /* AppDelegate.swift */ = {isa = PBXFileReference; lastKnownFileType = sourcecode.swift; path = AppDelegate.swift; sourceTree = "<group>"; };
		6D2DBF9028F1C08A00BF4A2E /* SceneDelegate.swift */ = {isa = PBXFileReference; lastKnownFileType = sourcecode.swift; path = SceneDelegate.swift; sourceTree = "<group>"; };
		6D2DBF9228F1C08A00BF4A2E /* ViewController.swift */ = {isa = PBXFileReference; lastKnownFileType = sourcecode.swift; path = ViewController.swift; sourceTree = "<group>"; };
		6D2DBF9528F1C08A00BF4A2E /* Base */ = {isa = PBXFileReference; lastKnownFileType = file.storyboard; name = Base; path = Base.lproj/Main.storyboard; sourceTree = "<group>"; };
		6D2DBF9728F1C08E00BF4A2E /* Assets.xcassets */ = {isa = PBXFileReference; lastKnownFileType = folder.assetcatalog; path = Assets.xcassets; sourceTree = "<group>"; };
		6D2DBF9A28F1C08E00BF4A2E /* Base */ = {isa = PBXFileReference; lastKnownFileType = file.storyboard; name = Base; path = Base.lproj/LaunchScreen.storyboard; sourceTree = "<group>"; };
		6D2DBF9C28F1C08E00BF4A2E /* Info.plist */ = {isa = PBXFileReference; lastKnownFileType = text.plist.xml; path = Info.plist; sourceTree = "<group>"; };
		6D2DBFA428F1D60C00BF4A2E /* InfoViewController.swift */ = {isa = PBXFileReference; lastKnownFileType = sourcecode.swift; path = InfoViewController.swift; sourceTree = "<group>"; };
/* End PBXFileReference section */

/* Begin PBXFrameworksBuildPhase section */
		6D2DBF8828F1C08A00BF4A2E /* Frameworks */ = {
			isa = PBXFrameworksBuildPhase;
			buildActionMask = 2147483647;
			files = (
			);
			runOnlyForDeploymentPostprocessing = 0;
		};
/* End PBXFrameworksBuildPhase section */

/* Begin PBXGroup section */
		6D2DBF8228F1C08A00BF4A2E = {
			isa = PBXGroup;
			children = (
				6D2DBF8D28F1C08A00BF4A2E /* lesson4312 */,
				6D2DBF8C28F1C08A00BF4A2E /* Products */,
			);
			sourceTree = "<group>";
		};
		6D2DBF8C28F1C08A00BF4A2E /* Products */ = {
			isa = PBXGroup;
			children = (
				6D2DBF8B28F1C08A00BF4A2E /* lesson4312.app */,
			);
			name = Products;
			sourceTree = "<group>";
		};
		6D2DBF8D28F1C08A00BF4A2E /* lesson4312 */ = {
			isa = PBXGroup;
			children = (
				6D2DBF8E28F1C08A00BF4A2E /* AppDelegate.swift */,
				6D2DBF9028F1C08A00BF4A2E /* SceneDelegate.swift */,
				6D2DBF9228F1C08A00BF4A2E /* ViewController.swift */,
				6D2DBF9428F1C08A00BF4A2E /* Main.storyboard */,
				6D2DBFA428F1D60C00BF4A2E /* InfoViewController.swift */,
				6D2DBF9728F1C08E00BF4A2E /* Assets.xcassets */,
				6D2DBF9928F1C08E00BF4A2E /* LaunchScreen.storyboard */,
				6D2DBF9C28F1C08E00BF4A2E /* Info.plist */,
			);
			path = lesson4312;
			sourceTree = "<group>";
		};
/* End PBXGroup section */

/* Begin PBXNativeTarget section */
		6D2DBF8A28F1C08A00BF4A2E /* lesson4312 */ = {
			isa = PBXNativeTarget;
			buildConfigurationList = 6D2DBF9F28F1C08E00BF4A2E /* Build configuration list for PBXNativeTarget "lesson4312" */;
			buildPhases = (
				6D2DBF8728F1C08A00BF4A2E /* Sources */,
				6D2DBF8828F1C08A00BF4A2E /* Frameworks */,
				6D2DBF8928F1C08A00BF4A2E /* Resources */,
			);
			buildRules = (
			);
			dependencies = (
			);
			name = lesson4312;
			productName = lesson4312;
			productReference = 6D2DBF8B28F1C08A00BF4A2E /* lesson4312.app */;
			productType = "com.apple.product-type.application";
		};
/* End PBXNativeTarget section */

/* Begin PBXProject section */
		6D2DBF8328F1C08A00BF4A2E /* Project object */ = {
			isa = PBXProject;
			attributes = {
				BuildIndependentTargetsInParallel = 1;
				LastSwiftUpdateCheck = 1400;
				LastUpgradeCheck = 1400;
				TargetAttributes = {
					6D2DBF8A28F1C08A00BF4A2E = {
						CreatedOnToolsVersion = 14.0;
					};
				};
			};
			buildConfigurationList = 6D2DBF8628F1C08A00BF4A2E /* Build configuration list for PBXProject "lesson4312" */;
			compatibilityVersion = "Xcode 14.0";
			developmentRegion = en;
			hasScannedForEncodings = 0;
			knownRegions = (
				en,
				Base,
			);
			mainGroup = 6D2DBF8228F1C08A00BF4A2E;
			productRefGroup = 6D2DBF8C28F1C08A00BF4A2E /* Products */;
			projectDirPath = "";
			projectRoot = "";
			targets = (
				6D2DBF8A28F1C08A00BF4A2E /* lesson4312 */,
			);
		};
/* End PBXProject section */

/* Begin PBXResourcesBuildPhase section */
		6D2DBF8928F1C08A00BF4A2E /* Resources */ = {
			isa = PBXResourcesBuildPhase;
			buildActionMask = 2147483647;
			files = (
				6D2DBF9B28F1C08E00BF4A2E /* LaunchScreen.storyboard in Resources */,
				6D2DBF9828F1C08E00BF4A2E /* Assets.xcassets in Resources */,
				6D2DBF9628F1C08A00BF4A2E /* Main.storyboard in Resources */,
			);
			runOnlyForDeploymentPostprocessing = 0;
		};
/* End PBXResourcesBuildPhase section */

/* Begin PBXSourcesBuildPhase section */
		6D2DBF8728F1C08A00BF4A2E /* Sources */ = {
			isa = PBXSourcesBuildPhase;
			buildActionMask = 2147483647;
			files = (
				6D2DBF9328F1C08A00BF4A2E /* ViewController.swift in Sources */,
				6D2DBF8F28F1C08A00BF4A2E /* AppDelegate.swift in Sources */,
				6D2DBFA528F1D60C00BF4A2E /* InfoViewController.swift in Sources */,
				6D2DBF9128F1C08A00BF4A2E /* SceneDelegate.swift in Sources */,
			);
			runOnlyForDeploymentPostprocessing = 0;
		};
/* End PBXSourcesBuildPhase section */

/* Begin PBXVariantGroup section */
		6D2DBF9428F1C08A00BF4A2E /* Main.storyboard */ = {
			isa = PBXVariantGroup;
			children = (
				6D2DBF9528F1C08A00BF4A2E /* Base */,
			);
			name = Main.storyboard;
			sourceTree = "<group>";
		};
		6D2DBF9928F1C08E00BF4A2E /* LaunchScreen.storyboard */ = {
			isa = PBXVariantGroup;
			children = (
				6D2DBF9A28F1C08E00BF4A2E /* Base */,
			);
			name = LaunchScreen.storyboard;
			sourceTree = "<group>";
		};
/* End PBXVariantGroup section */

/* Begin XCBuildConfiguration section */
		6D2DBF9D28F1C08E00BF4A2E /* Debug */ = {
			isa = XCBuildConfiguration;
			buildSettings = {
				ALWAYS_SEARCH_USER_PATHS = NO;
				CLANG_ANALYZER_NONNULL = YES;
				CLANG_ANALYZER_NUMBER_OBJECT_CONVERSION = YES_AGGRESSIVE;
				CLANG_CXX_LANGUAGE_STANDARD = "gnu++20";
				CLANG_ENABLE_MODULES = YES;
				CLANG_ENABLE_OBJC_ARC = YES;
				CLANG_ENABLE_OBJC_WEAK = YES;
				CLANG_WARN_BLOCK_CAPTURE_AUTORELEASING = YES;
				CLANG_WARN_BOOL_CONVERSION = YES;
				CLANG_WARN_COMMA = YES;
				CLANG_WARN_CONSTANT_CONVERSION = YES;
				CLANG_WARN_DEPRECATED_OBJC_IMPLEMENTATIONS = YES;
				CLANG_WARN_DIRECT_OBJC_ISA_USAGE = YES_ERROR;
				CLANG_WARN_DOCUMENTATION_COMMENTS = YES;
				CLANG_WARN_EMPTY_BODY = YES;
				CLANG_WARN_ENUM_CONVERSION = YES;
				CLANG_WARN_INFINITE_RECURSION = YES;
				CLANG_WARN_INT_CONVERSION = YES;
				CLANG_WARN_NON_LITERAL_NULL_CONVERSION = YES;
				CLANG_WARN_OBJC_IMPLICIT_RETAIN_SELF = YES;
				CLANG_WARN_OBJC_LITERAL_CONVERSION = YES;
				CLANG_WARN_OBJC_ROOT_CLASS = YES_ERROR;
				CLANG_WARN_QUOTED_INCLUDE_IN_FRAMEWORK_HEADER = YES;
				CLANG_WARN_RANGE_LOOP_ANALYSIS = YES;
				CLANG_WARN_STRICT_PROTOTYPES = YES;
				CLANG_WARN_SUSPICIOUS_MOVE = YES;
				CLANG_WARN_UNGUARDED_AVAILABILITY = YES_AGGRESSIVE;
				CLANG_WARN_UNREACHABLE_CODE = YES;
				CLANG_WARN__DUPLICATE_METHOD_MATCH = YES;
				COPY_PHASE_STRIP = NO;
				DEBUG_INFORMATION_FORMAT = dwarf;
				ENABLE_STRICT_OBJC_MSGSEND = YES;
				ENABLE_TESTABILITY = YES;
				GCC_C_LANGUAGE_STANDARD = gnu11;
				GCC_DYNAMIC_NO_PIC = NO;
				GCC_NO_COMMON_BLOCKS = YES;
				GCC_OPTIMIZATION_LEVEL = 0;
				GCC_PREPROCESSOR_DEFINITIONS = (
					"DEBUG=1",
					"$(inherited)",
				);
				GCC_WARN_64_TO_32_BIT_CONVERSION = YES;
				GCC_WARN_ABOUT_RETURN_TYPE = YES_ERROR;
				GCC_WARN_UNDECLARED_SELECTOR = YES;
				GCC_WARN_UNINITIALIZED_AUTOS = YES_AGGRESSIVE;
				GCC_WARN_UNUSED_FUNCTION = YES;
				GCC_WARN_UNUSED_VARIABLE = YES;
				IPHONEOS_DEPLOYMENT_TARGET = 16.0;
				MTL_ENABLE_DEBUG_INFO = INCLUDE_SOURCE;
				MTL_FAST_MATH = YES;
				ONLY_ACTIVE_ARCH = YES;
				SDKROOT = iphoneos;
				SWIFT_ACTIVE_COMPILATION_CONDITIONS = DEBUG;
				SWIFT_OPTIMIZATION_LEVEL = "-Onone";
			};
			name = Debug;
		};
		6D2DBF9E28F1C08E00BF4A2E /* Release */ = {
			isa = XCBuildConfiguration;
			buildSettings = {
				ALWAYS_SEARCH_USER_PATHS = NO;
				CLANG_ANALYZER_NONNULL = YES;
				CLANG_ANALYZER_NUMBER_OBJECT_CONVERSION = YES_AGGRESSIVE;
				CLANG_CXX_LANGUAGE_STANDARD = "gnu++20";
				CLANG_ENABLE_MODULES = YES;
				CLANG_ENABLE_OBJC_ARC = YES;
				CLANG_ENABLE_OBJC_WEAK = YES;
				CLANG_WARN_BLOCK_CAPTURE_AUTORELEASING = YES;
				CLANG_WARN_BOOL_CONVERSION = YES;
				CLANG_WARN_COMMA = YES;
				CLANG_WARN_CONSTANT_CONVERSION = YES;
				CLANG_WARN_DEPRECATED_OBJC_IMPLEMENTATIONS = YES;
				CLANG_WARN_DIRECT_OBJC_ISA_USAGE = YES_ERROR;
				CLANG_WARN_DOCUMENTATION_COMMENTS = YES;
				CLANG_WARN_EMPTY_BODY = YES;
				CLANG_WARN_ENUM_CONVERSION = YES;
				CLANG_WARN_INFINITE_RECURSION = YES;
				CLANG_WARN_INT_CONVERSION = YES;
				CLANG_WARN_NON_LITERAL_NULL_CONVERSION = YES;
				CLANG_WARN_OBJC_IMPLICIT_RETAIN_SELF = YES;
				CLANG_WARN_OBJC_LITERAL_CONVERSION = YES;
				CLANG_WARN_OBJC_ROOT_CLASS = YES_ERROR;
				CLANG_WARN_QUOTED_INCLUDE_IN_FRAMEWORK_HEADER = YES;
				CLANG_WARN_RANGE_LOOP_ANALYSIS = YES;
				CLANG_WARN_STRICT_PROTOTYPES = YES;
				CLANG_WARN_SUSPICIOUS_MOVE = YES;
				CLANG_WARN_UNGUARDED_AVAILABILITY = YES_AGGRESSIVE;
				CLANG_WARN_UNREACHABLE_CODE = YES;
				CLANG_WARN__DUPLICATE_METHOD_MATCH = YES;
				COPY_PHASE_STRIP = NO;
				DEBUG_INFORMATION_FORMAT = "dwarf-with-dsym";
				ENABLE_NS_ASSERTIONS = NO;
				ENABLE_STRICT_OBJC_MSGSEND = YES;
				GCC_C_LANGUAGE_STANDARD = gnu11;
				GCC_NO_COMMON_BLOCKS = YES;
				GCC_WARN_64_TO_32_BIT_CONVERSION = YES;
				GCC_WARN_ABOUT_RETURN_TYPE = YES_ERROR;
				GCC_WARN_UNDECLARED_SELECTOR = YES;
				GCC_WARN_UNINITIALIZED_AUTOS = YES_AGGRESSIVE;
				GCC_WARN_UNUSED_FUNCTION = YES;
				GCC_WARN_UNUSED_VARIABLE = YES;
				IPHONEOS_DEPLOYMENT_TARGET = 16.0;
				MTL_ENABLE_DEBUG_INFO = NO;
				MTL_FAST_MATH = YES;
				SDKROOT = iphoneos;
				SWIFT_COMPILATION_MODE = wholemodule;
				SWIFT_OPTIMIZATION_LEVEL = "-O";
				VALIDATE_PRODUCT = YES;
			};
			name = Release;
		};
		6D2DBFA028F1C08E00BF4A2E /* Debug */ = {
			isa = XCBuildConfiguration;
			buildSettings = {
				ASSETCATALOG_COMPILER_APPICON_NAME = AppIcon;
				ASSETCATALOG_COMPILER_GLOBAL_ACCENT_COLOR_NAME = AccentColor;
				CODE_SIGN_STYLE = Automatic;
				CURRENT_PROJECT_VERSION = 1;
				DEVELOPMENT_TEAM = 65DRR277K2;
				GENERATE_INFOPLIST_FILE = YES;
				INFOPLIST_FILE = lesson4312/Info.plist;
				INFOPLIST_KEY_UIApplicationSupportsIndirectInputEvents = YES;
				INFOPLIST_KEY_UILaunchStoryboardName = LaunchScreen;
				INFOPLIST_KEY_UIMainStoryboardFile = Main;
				INFOPLIST_KEY_UISupportedInterfaceOrientations_iPad = "UIInterfaceOrientationPortrait UIInterfaceOrientationPortraitUpsideDown UIInterfaceOrientationLandscapeLeft UIInterfaceOrientationLandscapeRight";
				INFOPLIST_KEY_UISupportedInterfaceOrientations_iPhone = "UIInterfaceOrientationPortrait UIInterfaceOrientationLandscapeLeft UIInterfaceOrientationLandscapeRight";
				LD_RUNPATH_SEARCH_PATHS = (
					"$(inherited)",
					"@executable_path/Frameworks",
				);
				MARKETING_VERSION = 1.0;
				PRODUCT_BUNDLE_IDENTIFIER = gt.lesson4312;
				PRODUCT_NAME = "$(TARGET_NAME)";
				SWIFT_EMIT_LOC_STRINGS = YES;
				SWIFT_VERSION = 5.0;
				TARGETED_DEVICE_FAMILY = "1,2";
			};
			name = Debug;
		};
		6D2DBFA128F1C08E00BF4A2E /* Release */ = {
			isa = XCBuildConfiguration;
			buildSettings = {
				ASSETCATALOG_COMPILER_APPICON_NAME = AppIcon;
				ASSETCATALOG_COMPILER_GLOBAL_ACCENT_COLOR_NAME = AccentColor;
				CODE_SIGN_STYLE = Automatic;
				CURRENT_PROJECT_VERSION = 1;
				DEVELOPMENT_TEAM = 65DRR277K2;
				GENERATE_INFOPLIST_FILE = YES;
				INFOPLIST_FILE = lesson4312/Info.plist;
				INFOPLIST_KEY_UIApplicationSupportsIndirectInputEvents = YES;
				INFOPLIST_KEY_UILaunchStoryboardName = LaunchScreen;
				INFOPLIST_KEY_UIMainStoryboardFile = Main;
				INFOPLIST_KEY_UISupportedInterfaceOrientations_iPad = "UIInterfaceOrientationPortrait UIInterfaceOrientationPortraitUpsideDown UIInterfaceOrientationLandscapeLeft UIInterfaceOrientationLandscapeRight";
				INFOPLIST_KEY_UISupportedInterfaceOrientations_iPhone = "UIInterfaceOrientationPortrait UIInterfaceOrientationLandscapeLeft UIInterfaceOrientationLandscapeRight";
				LD_RUNPATH_SEARCH_PATHS = (
					"$(inherited)",
					"@executable_path/Frameworks",
				);
				MARKETING_VERSION = 1.0;
				PRODUCT_BUNDLE_IDENTIFIER = gt.lesson4312;
				PRODUCT_NAME = "$(TARGET_NAME)";
				SWIFT_EMIT_LOC_STRINGS = YES;
				SWIFT_VERSION = 5.0;
				TARGETED_DEVICE_FAMILY = "1,2";
			};
			name = Release;
		};
/* End XCBuildConfiguration section */

/* Begin XCConfigurationList section */
		6D2DBF8628F1C08A00BF4A2E /* Build configuration list for PBXProject "lesson4312" */ = {
			isa = XCConfigurationList;
			buildConfigurations = (
				6D2DBF9D28F1C08E00BF4A2E /* Debug */,
				6D2DBF9E28F1C08E00BF4A2E /* Release */,
			);
			defaultConfigurationIsVisible = 0;
			defaultConfigurationName = Release;
		};
		6D2DBF9F28F1C08E00BF4A2E /* Build configuration list for PBXNativeTarget "lesson4312" */ = {
			isa = XCConfigurationList;
			buildConfigurations = (
				6D2DBFA028F1C08E00BF4A2E /* Debug */,
				6D2DBFA128F1C08E00BF4A2E /* Release */,
			);
			defaultConfigurationIsVisible = 0;
			defaultConfigurationName = Release;
		};
/* End XCConfigurationList section */
	};
	rootObject = 6D2DBF8328F1C08A00BF4A2E /* Project object */;
}
